
Microsoft Visual Studio Solution File, Format Version 12.00
# Visual Studio Version 17
VisualStudioVersion = 17.9.34714.143
MinimumVisualStudioVersion = 10.0.40219.1
Project("{FAE04EC0-301F-11D3-BF4B-00C04F79EFBC}") = "AnalyticsSystem", "AnalyticsSystem.csproj", "{8602E8D7-A3FF-4663-A274-B570EA550BA5}"
EndProject
Global
	GlobalSection(SolutionConfigurationPlatforms) = preSolution
		Debug|Any CPU = Debug|Any CPU
		Release|Any CPU = Release|Any CPU
	EndGlobalSection
	GlobalSection(ProjectConfigurationPlatforms) = postSolution
		{8602E8D7-A3FF-4663-A274-B570EA550BA5}.Debug|Any CPU.ActiveCfg = Debug|Any CPU
		{8602E8D7-A3FF-4663-A274-B570EA550BA5}.Debug|Any CPU.Build.0 = Debug|Any CPU
		{8602E8D7-A3FF-4663-A274-B570EA550BA5}.Release|Any CPU.ActiveCfg = Release|Any CPU
		{8602E8D7-A3FF-4663-A274-B570EA550BA5}.Release|Any CPU.Build.0 = Release|Any CPU
	EndGlobalSection
	GlobalSection(SolutionProperties) = preSolution
		HideSolutionNode = FALSE
	EndGlobalSection
	GlobalSection(ExtensibilityGlobals) = postSolution
		SolutionGuid = {1ABDC0F5-FB7F-410F-8AB9-508FE98456CC}
	EndGlobalSection
EndGlobal
